// !$*UTF8*$!
{
	archiveVersion = 1;
	classes = {
	};
	objectVersion = 50;
	objects = {

/* Begin PBXBuildFile section */
		04F4ADA522F49B8B00754781 /* AppDelegate.swift in Sources */ = {isa = PBXBuildFile; fileRef = 04F4ADA422F49B8B00754781 /* AppDelegate.swift */; };
		04F4ADA722F49B8B00754781 /* ViewController.swift in Sources */ = {isa = PBXBuildFile; fileRef = 04F4ADA622F49B8B00754781 /* ViewController.swift */; };
		04F4ADAA22F49B8B00754781 /* Main.storyboard in Resources */ = {isa = PBXBuildFile; fileRef = 04F4ADA822F49B8B00754781 /* Main.storyboard */; };
		04F4ADAC22F49B8C00754781 /* Assets.xcassets in Resources */ = {isa = PBXBuildFile; fileRef = 04F4ADAB22F49B8C00754781 /* Assets.xcassets */; };
		04F4ADAF22F49B8C00754781 /* LaunchScreen.storyboard in Resources */ = {isa = PBXBuildFile; fileRef = 04F4ADAD22F49B8C00754781 /* LaunchScreen.storyboard */; };
		04F4ADB922F4A18B00754781 /* Constants.swift in Sources */ = {isa = PBXBuildFile; fileRef = 04F4ADB822F4A18B00754781 /* Constants.swift */; };
		04F4ADBB22F4A31300754781 /* ServiceLayer.swift in Sources */ = {isa = PBXBuildFile; fileRef = 04F4ADBA22F4A31300754781 /* ServiceLayer.swift */; };
		04F4ADBD22F4A31C00754781 /* Router.swift in Sources */ = {isa = PBXBuildFile; fileRef = 04F4ADBC22F4A31C00754781 /* Router.swift */; };
		04F4ADBF22F4AAB300754781 /* City.swift in Sources */ = {isa = PBXBuildFile; fileRef = 04F4ADBE22F4AAB300754781 /* City.swift */; };
		04F4ADC122F4CDE000754781 /* LocationManager.swift in Sources */ = {isa = PBXBuildFile; fileRef = 04F4ADC022F4CDE000754781 /* LocationManager.swift */; };
		04F4ADC722F4E78D00754781 /* DisplayTempViewController.swift in Sources */ = {isa = PBXBuildFile; fileRef = 04F4ADC622F4E78D00754781 /* DisplayTempViewController.swift */; };
/* End PBXBuildFile section */

/* Begin PBXFileReference section */
		04F4ADA122F49B8B00754781 /* OpenWeatherMap.app */ = {isa = PBXFileReference; explicitFileType = wrapper.application; includeInIndex = 0; path = OpenWeatherMap.app; sourceTree = BUILT_PRODUCTS_DIR; };
		04F4ADA422F49B8B00754781 /* AppDelegate.swift */ = {isa = PBXFileReference; lastKnownFileType = sourcecode.swift; path = AppDelegate.swift; sourceTree = "<group>"; };
		04F4ADA622F49B8B00754781 /* ViewController.swift */ = {isa = PBXFileReference; lastKnownFileType = sourcecode.swift; path = ViewController.swift; sourceTree = "<group>"; };
		04F4ADA922F49B8B00754781 /* Base */ = {isa = PBXFileReference; lastKnownFileType = file.storyboard; name = Base; path = Base.lproj/Main.storyboard; sourceTree = "<group>"; };
		04F4ADAB22F49B8C00754781 /* Assets.xcassets */ = {isa = PBXFileReference; lastKnownFileType = folder.assetcatalog; path = Assets.xcassets; sourceTree = "<group>"; };
		04F4ADAE22F49B8C00754781 /* Base */ = {isa = PBXFileReference; lastKnownFileType = file.storyboard; name = Base; path = Base.lproj/LaunchScreen.storyboard; sourceTree = "<group>"; };
		04F4ADB022F49B8C00754781 /* Info.plist */ = {isa = PBXFileReference; lastKnownFileType = text.plist.xml; path = Info.plist; sourceTree = "<group>"; };
		04F4ADB822F4A18B00754781 /* Constants.swift */ = {isa = PBXFileReference; lastKnownFileType = sourcecode.swift; path = Constants.swift; sourceTree = "<group>"; };
		04F4ADBA22F4A31300754781 /* ServiceLayer.swift */ = {isa = PBXFileReference; lastKnownFileType = sourcecode.swift; path = ServiceLayer.swift; sourceTree = "<group>"; };
		04F4ADBC22F4A31C00754781 /* Router.swift */ = {isa = PBXFileReference; lastKnownFileType = sourcecode.swift; path = Router.swift; sourceTree = "<group>"; };
		04F4ADBE22F4AAB300754781 /* City.swift */ = {isa = PBXFileReference; lastKnownFileType = sourcecode.swift; path = City.swift; sourceTree = "<group>"; };
		04F4ADC022F4CDE000754781 /* LocationManager.swift */ = {isa = PBXFileReference; lastKnownFileType = sourcecode.swift; path = LocationManager.swift; sourceTree = "<group>"; };
		04F4ADC622F4E78D00754781 /* DisplayTempViewController.swift */ = {isa = PBXFileReference; lastKnownFileType = sourcecode.swift; path = DisplayTempViewController.swift; sourceTree = "<group>"; };
/* End PBXFileReference section */

/* Begin PBXFrameworksBuildPhase section */
		04F4AD9E22F49B8B00754781 /* Frameworks */ = {
			isa = PBXFrameworksBuildPhase;
			buildActionMask = 2147483647;
			files = (
			);
			runOnlyForDeploymentPostprocessing = 0;
		};
/* End PBXFrameworksBuildPhase section */

/* Begin PBXGroup section */
		04F4AD9822F49B8B00754781 = {
			isa = PBXGroup;
			children = (
				04F4ADA322F49B8B00754781 /* OpenWeatherMap */,
				04F4ADA222F49B8B00754781 /* Products */,
			);
			sourceTree = "<group>";
		};
		04F4ADA222F49B8B00754781 /* Products */ = {
			isa = PBXGroup;
			children = (
				04F4ADA122F49B8B00754781 /* OpenWeatherMap.app */,
			);
			name = Products;
			sourceTree = "<group>";
		};
		04F4ADA322F49B8B00754781 /* OpenWeatherMap */ = {
			isa = PBXGroup;
			children = (
				04F4ADA422F49B8B00754781 /* AppDelegate.swift */,
				04F4ADC522F4D9A300754781 /* NetworkLayer */,
				04F4ADC322F4D98000754781 /* ViewControllers */,
				04F4ADC222F4D97500754781 /* Models */,
				04F4ADB822F4A18B00754781 /* Constants.swift */,
				04F4ADC022F4CDE000754781 /* LocationManager.swift */,
				04F4ADBE22F4AAB300754781 /* City.swift */,
				04F4ADC422F4D98E00754781 /* StoryBoards */,
				04F4ADAB22F49B8C00754781 /* Assets.xcassets */,
				04F4ADB022F49B8C00754781 /* Info.plist */,
			);
			path = OpenWeatherMap;
			sourceTree = "<group>";
		};
		04F4ADC222F4D97500754781 /* Models */ = {
			isa = PBXGroup;
			children = (
			);
			path = Models;
			sourceTree = "<group>";
		};
		04F4ADC322F4D98000754781 /* ViewControllers */ = {
			isa = PBXGroup;
			children = (
				04F4ADA622F49B8B00754781 /* ViewController.swift */,
				04F4ADC622F4E78D00754781 /* DisplayTempViewController.swift */,
			);
			path = ViewControllers;
			sourceTree = "<group>";
		};
		04F4ADC422F4D98E00754781 /* StoryBoards */ = {
			isa = PBXGroup;
			children = (
				04F4ADAD22F49B8C00754781 /* LaunchScreen.storyboard */,
				04F4ADA822F49B8B00754781 /* Main.storyboard */,
			);
			path = StoryBoards;
			sourceTree = "<group>";
		};
		04F4ADC522F4D9A300754781 /* NetworkLayer */ = {
			isa = PBXGroup;
			children = (
				04F4ADBA22F4A31300754781 /* ServiceLayer.swift */,
				04F4ADBC22F4A31C00754781 /* Router.swift */,
			);
			path = NetworkLayer;
			sourceTree = "<group>";
		};
/* End PBXGroup section */

/* Begin PBXNativeTarget section */
		04F4ADA022F49B8B00754781 /* OpenWeatherMap */ = {
			isa = PBXNativeTarget;
			buildConfigurationList = 04F4ADB322F49B8C00754781 /* Build configuration list for PBXNativeTarget "OpenWeatherMap" */;
			buildPhases = (
				04F4AD9D22F49B8B00754781 /* Sources */,
				04F4AD9E22F49B8B00754781 /* Frameworks */,
				04F4AD9F22F49B8B00754781 /* Resources */,
			);
			buildRules = (
			);
			dependencies = (
			);
			name = OpenWeatherMap;
			productName = OpenWeatherMap;
			productReference = 04F4ADA122F49B8B00754781 /* OpenWeatherMap.app */;
			productType = "com.apple.product-type.application";
		};
/* End PBXNativeTarget section */

/* Begin PBXProject section */
		04F4AD9922F49B8B00754781 /* Project object */ = {
			isa = PBXProject;
			attributes = {
				LastSwiftUpdateCheck = 1030;
				LastUpgradeCheck = 1030;
				ORGANIZATIONNAME = sarinswift;
				TargetAttributes = {
					04F4ADA022F49B8B00754781 = {
						CreatedOnToolsVersion = 10.3;
					};
				};
			};
			buildConfigurationList = 04F4AD9C22F49B8B00754781 /* Build configuration list for PBXProject "OpenWeatherMap" */;
			compatibilityVersion = "Xcode 9.3";
			developmentRegion = en;
			hasScannedForEncodings = 0;
			knownRegions = (
				en,
				Base,
			);
			mainGroup = 04F4AD9822F49B8B00754781;
			productRefGroup = 04F4ADA222F49B8B00754781 /* Products */;
			projectDirPath = "";
			projectRoot = "";
			targets = (
				04F4ADA022F49B8B00754781 /* OpenWeatherMap */,
			);
		};
/* End PBXProject section */

/* Begin PBXResourcesBuildPhase section */
		04F4AD9F22F49B8B00754781 /* Resources */ = {
			isa = PBXResourcesBuildPhase;
			buildActionMask = 2147483647;
			files = (
				04F4ADAF22F49B8C00754781 /* LaunchScreen.storyboard in Resources */,
				04F4ADAC22F49B8C00754781 /* Assets.xcassets in Resources */,
				04F4ADAA22F49B8B00754781 /* Main.storyboard in Resources */,
			);
			runOnlyForDeploymentPostprocessing = 0;
		};
/* End PBXResourcesBuildPhase section */

/* Begin PBXSourcesBuildPhase section */
		04F4AD9D22F49B8B00754781 /* Sources */ = {
			isa = PBXSourcesBuildPhase;
			buildActionMask = 2147483647;
			files = (
				04F4ADA722F49B8B00754781 /* ViewController.swift in Sources */,
				04F4ADA522F49B8B00754781 /* AppDelegate.swift in Sources */,
				04F4ADBF22F4AAB300754781 /* City.swift in Sources */,
				04F4ADC122F4CDE000754781 /* LocationManager.swift in Sources */,
				04F4ADBD22F4A31C00754781 /* Router.swift in Sources */,
				04F4ADC722F4E78D00754781 /* DisplayTempViewController.swift in Sources */,
				04F4ADB922F4A18B00754781 /* Constants.swift in Sources */,
				04F4ADBB22F4A31300754781 /* ServiceLayer.swift in Sources */,
			);
			runOnlyForDeploymentPostprocessing = 0;
		};
/* End PBXSourcesBuildPhase section */

/* Begin PBXVariantGroup section */
		04F4ADA822F49B8B00754781 /* Main.storyboard */ = {
			isa = PBXVariantGroup;
			children = (
				04F4ADA922F49B8B00754781 /* Base */,
			);
			name = Main.storyboard;
			sourceTree = "<group>";
		};
		04F4ADAD22F49B8C00754781 /* LaunchScreen.storyboard */ = {
			isa = PBXVariantGroup;
			children = (
				04F4ADAE22F49B8C00754781 /* Base */,
			);
			name = LaunchScreen.storyboard;
			sourceTree = "<group>";
		};
/* End PBXVariantGroup section */

/* Begin XCBuildConfiguration section */
		04F4ADB122F49B8C00754781 /* Debug */ = {
			isa = XCBuildConfiguration;
			buildSettings = {
				ALWAYS_SEARCH_USER_PATHS = NO;
				CLANG_ANALYZER_NONNULL = YES;
				CLANG_ANALYZER_NUMBER_OBJECT_CONVERSION = YES_AGGRESSIVE;
				CLANG_CXX_LANGUAGE_STANDARD = "gnu++14";
				CLANG_CXX_LIBRARY = "libc++";
				CLANG_ENABLE_MODULES = YES;
				CLANG_ENABLE_OBJC_ARC = YES;
				CLANG_ENABLE_OBJC_WEAK = YES;
				CLANG_WARN_BLOCK_CAPTURE_AUTORELEASING = YES;
				CLANG_WARN_BOOL_CONVERSION = YES;
				CLANG_WARN_COMMA = YES;
				CLANG_WARN_CONSTANT_CONVERSION = YES;
				CLANG_WARN_DEPRECATED_OBJC_IMPLEMENTATIONS = YES;
				CLANG_WARN_DIRECT_OBJC_ISA_USAGE = YES_ERROR;
				CLANG_WARN_DOCUMENTATION_COMMENTS = YES;
				CLANG_WARN_EMPTY_BODY = YES;
				CLANG_WARN_ENUM_CONVERSION = YES;
				CLANG_WARN_INFINITE_RECURSION = YES;
				CLANG_WARN_INT_CONVERSION = YES;
				CLANG_WARN_NON_LITERAL_NULL_CONVERSION = YES;
				CLANG_WARN_OBJC_IMPLICIT_RETAIN_SELF = YES;
				CLANG_WARN_OBJC_LITERAL_CONVERSION = YES;
				CLANG_WARN_OBJC_ROOT_CLASS = YES_ERROR;
				CLANG_WARN_RANGE_LOOP_ANALYSIS = YES;
				CLANG_WARN_STRICT_PROTOTYPES = YES;
				CLANG_WARN_SUSPICIOUS_MOVE = YES;
				CLANG_WARN_UNGUARDED_AVAILABILITY = YES_AGGRESSIVE;
				CLANG_WARN_UNREACHABLE_CODE = YES;
				CLANG_WARN__DUPLICATE_METHOD_MATCH = YES;
				CODE_SIGN_IDENTITY = "iPhone Developer";
				COPY_PHASE_STRIP = NO;
				DEBUG_INFORMATION_FORMAT = dwarf;
				ENABLE_STRICT_OBJC_MSGSEND = YES;
				ENABLE_TESTABILITY = YES;
				GCC_C_LANGUAGE_STANDARD = gnu11;
				GCC_DYNAMIC_NO_PIC = NO;
				GCC_NO_COMMON_BLOCKS = YES;
				GCC_OPTIMIZATION_LEVEL = 0;
				GCC_PREPROCESSOR_DEFINITIONS = (
					"DEBUG=1",
					"$(inherited)",
				);
				GCC_WARN_64_TO_32_BIT_CONVERSION = YES;
				GCC_WARN_ABOUT_RETURN_TYPE = YES_ERROR;
				GCC_WARN_UNDECLARED_SELECTOR = YES;
				GCC_WARN_UNINITIALIZED_AUTOS = YES_AGGRESSIVE;
				GCC_WARN_UNUSED_FUNCTION = YES;
				GCC_WARN_UNUSED_VARIABLE = YES;
				IPHONEOS_DEPLOYMENT_TARGET = 12.4;
				MTL_ENABLE_DEBUG_INFO = INCLUDE_SOURCE;
				MTL_FAST_MATH = YES;
				ONLY_ACTIVE_ARCH = YES;
				SDKROOT = iphoneos;
				SWIFT_ACTIVE_COMPILATION_CONDITIONS = DEBUG;
				SWIFT_OPTIMIZATION_LEVEL = "-Onone";
			};
			name = Debug;
		};
		04F4ADB222F49B8C00754781 /* Release */ = {
			isa = XCBuildConfiguration;
			buildSettings = {
				ALWAYS_SEARCH_USER_PATHS = NO;
				CLANG_ANALYZER_NONNULL = YES;
				CLANG_ANALYZER_NUMBER_OBJECT_CONVERSION = YES_AGGRESSIVE;
				CLANG_CXX_LANGUAGE_STANDARD = "gnu++14";
				CLANG_CXX_LIBRARY = "libc++";
				CLANG_ENABLE_MODULES = YES;
				CLANG_ENABLE_OBJC_ARC = YES;
				CLANG_ENABLE_OBJC_WEAK = YES;
				CLANG_WARN_BLOCK_CAPTURE_AUTORELEASING = YES;
				CLANG_WARN_BOOL_CONVERSION = YES;
				CLANG_WARN_COMMA = YES;
				CLANG_WARN_CONSTANT_CONVERSION = YES;
				CLANG_WARN_DEPRECATED_OBJC_IMPLEMENTATIONS = YES;
				CLANG_WARN_DIRECT_OBJC_ISA_USAGE = YES_ERROR;
				CLANG_WARN_DOCUMENTATION_COMMENTS = YES;
				CLANG_WARN_EMPTY_BODY = YES;
				CLANG_WARN_ENUM_CONVERSION = YES;
				CLANG_WARN_INFINITE_RECURSION = YES;
				CLANG_WARN_INT_CONVERSION = YES;
				CLANG_WARN_NON_LITERAL_NULL_CONVERSION = YES;
				CLANG_WARN_OBJC_IMPLICIT_RETAIN_SELF = YES;
				CLANG_WARN_OBJC_LITERAL_CONVERSION = YES;
				CLANG_WARN_OBJC_ROOT_CLASS = YES_ERROR;
				CLANG_WARN_RANGE_LOOP_ANALYSIS = YES;
				CLANG_WARN_STRICT_PROTOTYPES = YES;
				CLANG_WARN_SUSPICIOUS_MOVE = YES;
				CLANG_WARN_UNGUARDED_AVAILABILITY = YES_AGGRESSIVE;
				CLANG_WARN_UNREACHABLE_CODE = YES;
				CLANG_WARN__DUPLICATE_METHOD_MATCH = YES;
				CODE_SIGN_IDENTITY = "iPhone Developer";
				COPY_PHASE_STRIP = NO;
				DEBUG_INFORMATION_FORMAT = "dwarf-with-dsym";
				ENABLE_NS_ASSERTIONS = NO;
				ENABLE_STRICT_OBJC_MSGSEND = YES;
				GCC_C_LANGUAGE_STANDARD = gnu11;
				GCC_NO_COMMON_BLOCKS = YES;
				GCC_WARN_64_TO_32_BIT_CONVERSION = YES;
				GCC_WARN_ABOUT_RETURN_TYPE = YES_ERROR;
				GCC_WARN_UNDECLARED_SELECTOR = YES;
				GCC_WARN_UNINITIALIZED_AUTOS = YES_AGGRESSIVE;
				GCC_WARN_UNUSED_FUNCTION = YES;
				GCC_WARN_UNUSED_VARIABLE = YES;
				IPHONEOS_DEPLOYMENT_TARGET = 12.4;
				MTL_ENABLE_DEBUG_INFO = NO;
				MTL_FAST_MATH = YES;
				SDKROOT = iphoneos;
				SWIFT_COMPILATION_MODE = wholemodule;
				SWIFT_OPTIMIZATION_LEVEL = "-O";
				VALIDATE_PRODUCT = YES;
			};
			name = Release;
		};
		04F4ADB422F49B8C00754781 /* Debug */ = {
			isa = XCBuildConfiguration;
			buildSettings = {
				ASSETCATALOG_COMPILER_APPICON_NAME = AppIcon;
				CODE_SIGN_STYLE = Automatic;
				DEVELOPMENT_TEAM = 7C5XTUX6GS;
				INFOPLIST_FILE = OpenWeatherMap/Info.plist;
				LD_RUNPATH_SEARCH_PATHS = (
					"$(inherited)",
					"@executable_path/Frameworks",
				);
				PRODUCT_BUNDLE_IDENTIFIER = com.sarin.OpenWeatherMap;
				PRODUCT_NAME = "$(TARGET_NAME)";
				SWIFT_VERSION = 5.0;
				TARGETED_DEVICE_FAMILY = "1,2";
			};
			name = Debug;
		};
		04F4ADB522F49B8C00754781 /* Release */ = {
			isa = XCBuildConfiguration;
			buildSettings = {
				ASSETCATALOG_COMPILER_APPICON_NAME = AppIcon;
				CODE_SIGN_STYLE = Automatic;
				DEVELOPMENT_TEAM = 7C5XTUX6GS;
				INFOPLIST_FILE = OpenWeatherMap/Info.plist;
				LD_RUNPATH_SEARCH_PATHS = (
					"$(inherited)",
					"@executable_path/Frameworks",
				);
				PRODUCT_BUNDLE_IDENTIFIER = com.sarin.OpenWeatherMap;
				PRODUCT_NAME = "$(TARGET_NAME)";
				SWIFT_VERSION = 5.0;
				TARGETED_DEVICE_FAMILY = "1,2";
			};
			name = Release;
		};
/* End XCBuildConfiguration section */

/* Begin XCConfigurationList section */
		04F4AD9C22F49B8B00754781 /* Build configuration list for PBXProject "OpenWeatherMap" */ = {
			isa = XCConfigurationList;
			buildConfigurations = (
				04F4ADB122F49B8C00754781 /* Debug */,
				04F4ADB222F49B8C00754781 /* Release */,
			);
			defaultConfigurationIsVisible = 0;
			defaultConfigurationName = Release;
		};
		04F4ADB322F49B8C00754781 /* Build configuration list for PBXNativeTarget "OpenWeatherMap" */ = {
			isa = XCConfigurationList;
			buildConfigurations = (
				04F4ADB422F49B8C00754781 /* Debug */,
				04F4ADB522F49B8C00754781 /* Release */,
			);
			defaultConfigurationIsVisible = 0;
			defaultConfigurationName = Release;
		};
/* End XCConfigurationList section */
	};
	rootObject = 04F4AD9922F49B8B00754781 /* Project object */;
}
